// !$*UTF8*$!
{
	archiveVersion = 1;
	classes = {
	};
	objectVersion = 50;
	objects = {

/* Begin PBXBuildFile section */
		586E280B227163FF0085F95F /* AppDelegate.m in Sources */ = {isa = PBXBuildFile; fileRef = 586E280A227163FF0085F95F /* AppDelegate.m */; };
		586E2816227164000085F95F /* Assets.xcassets in Resources */ = {isa = PBXBuildFile; fileRef = 586E2815227164000085F95F /* Assets.xcassets */; };
		586E2819227164000085F95F /* LaunchScreen.storyboard in Resources */ = {isa = PBXBuildFile; fileRef = 586E2817227164000085F95F /* LaunchScreen.storyboard */; };
		586E281C227164000085F95F /* main.m in Sources */ = {isa = PBXBuildFile; fileRef = 586E281B227164000085F95F /* main.m */; };
		58B246592271A682007FCCEF /* HomeViewController.m in Sources */ = {isa = PBXBuildFile; fileRef = 58B246572271A682007FCCEF /* HomeViewController.m */; };
		58B2465A2271A682007FCCEF /* HomeViewController.xib in Resources */ = {isa = PBXBuildFile; fileRef = 58B246582271A682007FCCEF /* HomeViewController.xib */; };
		58B2465E2271A690007FCCEF /* GirlViewController.m in Sources */ = {isa = PBXBuildFile; fileRef = 58B2465C2271A690007FCCEF /* GirlViewController.m */; };
		58B2465F2271A690007FCCEF /* GirlViewController.xib in Resources */ = {isa = PBXBuildFile; fileRef = 58B2465D2271A690007FCCEF /* GirlViewController.xib */; };
		58B246632271A69B007FCCEF /* BoyViewController.m in Sources */ = {isa = PBXBuildFile; fileRef = 58B246612271A69B007FCCEF /* BoyViewController.m */; };
		58B246642271A69B007FCCEF /* BoyViewController.xib in Resources */ = {isa = PBXBuildFile; fileRef = 58B246622271A69B007FCCEF /* BoyViewController.xib */; };
		58B246682271A6AF007FCCEF /* SceneryViewController.m in Sources */ = {isa = PBXBuildFile; fileRef = 58B246662271A6AF007FCCEF /* SceneryViewController.m */; };
		58B246692271A6AF007FCCEF /* SceneryViewController.xib in Resources */ = {isa = PBXBuildFile; fileRef = 58B246672271A6AF007FCCEF /* SceneryViewController.xib */; };
/* End PBXBuildFile section */

/* Begin PBXFileReference section */
		586E2806227163FF0085F95F /* TabNavigationSimple.app */ = {isa = PBXFileReference; explicitFileType = wrapper.application; includeInIndex = 0; path = TabNavigationSimple.app; sourceTree = BUILT_PRODUCTS_DIR; };
		586E2809227163FF0085F95F /* AppDelegate.h */ = {isa = PBXFileReference; lastKnownFileType = sourcecode.c.h; path = AppDelegate.h; sourceTree = "<group>"; };
		586E280A227163FF0085F95F /* AppDelegate.m */ = {isa = PBXFileReference; lastKnownFileType = sourcecode.c.objc; path = AppDelegate.m; sourceTree = "<group>"; };
		586E2815227164000085F95F /* Assets.xcassets */ = {isa = PBXFileReference; lastKnownFileType = folder.assetcatalog; path = Assets.xcassets; sourceTree = "<group>"; };
		586E2818227164000085F95F /* Base */ = {isa = PBXFileReference; lastKnownFileType = file.storyboard; name = Base; path = Base.lproj/LaunchScreen.storyboard; sourceTree = "<group>"; };
		586E281A227164000085F95F /* Info.plist */ = {isa = PBXFileReference; lastKnownFileType = text.plist.xml; path = Info.plist; sourceTree = "<group>"; };
		586E281B227164000085F95F /* main.m */ = {isa = PBXFileReference; lastKnownFileType = sourcecode.c.objc; path = main.m; sourceTree = "<group>"; };
		58B246562271A682007FCCEF /* HomeViewController.h */ = {isa = PBXFileReference; lastKnownFileType = sourcecode.c.h; path = HomeViewController.h; sourceTree = "<group>"; };
		58B246572271A682007FCCEF /* HomeViewController.m */ = {isa = PBXFileReference; lastKnownFileType = sourcecode.c.objc; path = HomeViewController.m; sourceTree = "<group>"; };
		58B246582271A682007FCCEF /* HomeViewController.xib */ = {isa = PBXFileReference; lastKnownFileType = file.xib; path = HomeViewController.xib; sourceTree = "<group>"; };
		58B2465B2271A690007FCCEF /* GirlViewController.h */ = {isa = PBXFileReference; lastKnownFileType = sourcecode.c.h; path = GirlViewController.h; sourceTree = "<group>"; };
		58B2465C2271A690007FCCEF /* GirlViewController.m */ = {isa = PBXFileReference; lastKnownFileType = sourcecode.c.objc; path = GirlViewController.m; sourceTree = "<group>"; };
		58B2465D2271A690007FCCEF /* GirlViewController.xib */ = {isa = PBXFileReference; lastKnownFileType = file.xib; path = GirlViewController.xib; sourceTree = "<group>"; };
		58B246602271A69B007FCCEF /* BoyViewController.h */ = {isa = PBXFileReference; lastKnownFileType = sourcecode.c.h; path = BoyViewController.h; sourceTree = "<group>"; };
		58B246612271A69B007FCCEF /* BoyViewController.m */ = {isa = PBXFileReference; lastKnownFileType = sourcecode.c.objc; path = BoyViewController.m; sourceTree = "<group>"; };
		58B246622271A69B007FCCEF /* BoyViewController.xib */ = {isa = PBXFileReference; lastKnownFileType = file.xib; path = BoyViewController.xib; sourceTree = "<group>"; };
		58B246652271A6AF007FCCEF /* SceneryViewController.h */ = {isa = PBXFileReference; lastKnownFileType = sourcecode.c.h; path = SceneryViewController.h; sourceTree = "<group>"; };
		58B246662271A6AF007FCCEF /* SceneryViewController.m */ = {isa = PBXFileReference; lastKnownFileType = sourcecode.c.objc; path = SceneryViewController.m; sourceTree = "<group>"; };
		58B246672271A6AF007FCCEF /* SceneryViewController.xib */ = {isa = PBXFileReference; lastKnownFileType = file.xib; path = SceneryViewController.xib; sourceTree = "<group>"; };
/* End PBXFileReference section */

/* Begin PBXFrameworksBuildPhase section */
		586E2803227163FF0085F95F /* Frameworks */ = {
			isa = PBXFrameworksBuildPhase;
			buildActionMask = 2147483647;
			files = (
			);
			runOnlyForDeploymentPostprocessing = 0;
		};
/* End PBXFrameworksBuildPhase section */

/* Begin PBXGroup section */
		586E27FD227163FF0085F95F = {
			isa = PBXGroup;
			children = (
				586E2808227163FF0085F95F /* TabNavigationSimple */,
				586E2807227163FF0085F95F /* Products */,
			);
			sourceTree = "<group>";
		};
		586E2807227163FF0085F95F /* Products */ = {
			isa = PBXGroup;
			children = (
				586E2806227163FF0085F95F /* TabNavigationSimple.app */,
			);
			name = Products;
			sourceTree = "<group>";
		};
		586E2808227163FF0085F95F /* TabNavigationSimple */ = {
			isa = PBXGroup;
			children = (
				586E2809227163FF0085F95F /* AppDelegate.h */,
				586E280A227163FF0085F95F /* AppDelegate.m */,
				58B246562271A682007FCCEF /* HomeViewController.h */,
				58B246572271A682007FCCEF /* HomeViewController.m */,
				58B246582271A682007FCCEF /* HomeViewController.xib */,
				58B2465B2271A690007FCCEF /* GirlViewController.h */,
				58B2465C2271A690007FCCEF /* GirlViewController.m */,
				58B2465D2271A690007FCCEF /* GirlViewController.xib */,
				58B246602271A69B007FCCEF /* BoyViewController.h */,
				58B246612271A69B007FCCEF /* BoyViewController.m */,
				58B246622271A69B007FCCEF /* BoyViewController.xib */,
				58B246652271A6AF007FCCEF /* SceneryViewController.h */,
				58B246662271A6AF007FCCEF /* SceneryViewController.m */,
				58B246672271A6AF007FCCEF /* SceneryViewController.xib */,
				586E2815227164000085F95F /* Assets.xcassets */,
				586E2817227164000085F95F /* LaunchScreen.storyboard */,
				586E281A227164000085F95F /* Info.plist */,
				586E281B227164000085F95F /* main.m */,
			);
			path = TabNavigationSimple;
			sourceTree = "<group>";
		};
/* End PBXGroup section */

/* Begin PBXNativeTarget section */
		586E2805227163FF0085F95F /* TabNavigationSimple */ = {
			isa = PBXNativeTarget;
			buildConfigurationList = 586E281F227164000085F95F /* Build configuration list for PBXNativeTarget "TabNavigationSimple" */;
			buildPhases = (
				586E2802227163FF0085F95F /* Sources */,
				586E2803227163FF0085F95F /* Frameworks */,
				586E2804227163FF0085F95F /* Resources */,
			);
			buildRules = (
			);
			dependencies = (
			);
			name = TabNavigationSimple;
			productName = TabNavigationSimple;
			productReference = 586E2806227163FF0085F95F /* TabNavigationSimple.app */;
			productType = "com.apple.product-type.application";
		};
/* End PBXNativeTarget section */

/* Begin PBXProject section */
		586E27FE227163FF0085F95F /* Project object */ = {
			isa = PBXProject;
			attributes = {
				LastUpgradeCheck = 1010;
				ORGANIZATIONNAME = heqiang;
				TargetAttributes = {
					586E2805227163FF0085F95F = {
						CreatedOnToolsVersion = 10.1;
					};
				};
			};
			buildConfigurationList = 586E2801227163FF0085F95F /* Build configuration list for PBXProject "TabNavigationSimple" */;
			compatibilityVersion = "Xcode 9.3";
			developmentRegion = en;
			hasScannedForEncodings = 0;
			knownRegions = (
				en,
				Base,
			);
			mainGroup = 586E27FD227163FF0085F95F;
			productRefGroup = 586E2807227163FF0085F95F /* Products */;
			projectDirPath = "";
			projectRoot = "";
			targets = (
				586E2805227163FF0085F95F /* TabNavigationSimple */,
			);
		};
/* End PBXProject section */

/* Begin PBXResourcesBuildPhase section */
		586E2804227163FF0085F95F /* Resources */ = {
			isa = PBXResourcesBuildPhase;
			buildActionMask = 2147483647;
			files = (
				58B2465F2271A690007FCCEF /* GirlViewController.xib in Resources */,
				58B246642271A69B007FCCEF /* BoyViewController.xib in Resources */,
				58B246692271A6AF007FCCEF /* SceneryViewController.xib in Resources */,
				586E2819227164000085F95F /* LaunchScreen.storyboard in Resources */,
				586E2816227164000085F95F /* Assets.xcassets in Resources */,
				58B2465A2271A682007FCCEF /* HomeViewController.xib in Resources */,
			);
			runOnlyForDeploymentPostprocessing = 0;
		};
/* End PBXResourcesBuildPhase section */

/* Begin PBXSourcesBuildPhase section */
		586E2802227163FF0085F95F /* Sources */ = {
			isa = PBXSourcesBuildPhase;
			buildActionMask = 2147483647;
			files = (
				58B246682271A6AF007FCCEF /* SceneryViewController.m in Sources */,
				58B2465E2271A690007FCCEF /* GirlViewController.m in Sources */,
				586E280B227163FF0085F95F /* AppDelegate.m in Sources */,
				586E281C227164000085F95F /* main.m in Sources */,
				58B246632271A69B007FCCEF /* BoyViewController.m in Sources */,
				58B246592271A682007FCCEF /* HomeViewController.m in Sources */,
			);
			runOnlyForDeploymentPostprocessing = 0;
		};
/* End PBXSourcesBuildPhase section */

/* Begin PBXVariantGroup section */
		586E2817227164000085F95F /* LaunchScreen.storyboard */ = {
			isa = PBXVariantGroup;
			children = (
				586E2818227164000085F95F /* Base */,
			);
			name = LaunchScreen.storyboard;
			sourceTree = "<group>";
		};
/* End PBXVariantGroup section */

/* Begin XCBuildConfiguration section */
		586E281D227164000085F95F /* Debug */ = {
			isa = XCBuildConfiguration;
			buildSettings = {
				ALWAYS_SEARCH_USER_PATHS = NO;
				CLANG_ANALYZER_NONNULL = YES;
				CLANG_ANALYZER_NUMBER_OBJECT_CONVERSION = YES_AGGRESSIVE;
				CLANG_CXX_LANGUAGE_STANDARD = "gnu++14";
				CLANG_CXX_LIBRARY = "libc++";
				CLANG_ENABLE_MODULES = YES;
				CLANG_ENABLE_OBJC_ARC = YES;
				CLANG_ENABLE_OBJC_WEAK = YES;
				CLANG_WARN_BLOCK_CAPTURE_AUTORELEASING = YES;
				CLANG_WARN_BOOL_CONVERSION = YES;
				CLANG_WARN_COMMA = YES;
				CLANG_WARN_CONSTANT_CONVERSION = YES;
				CLANG_WARN_DEPRECATED_OBJC_IMPLEMENTATIONS = YES;
				CLANG_WARN_DIRECT_OBJC_ISA_USAGE = YES_ERROR;
				CLANG_WARN_DOCUMENTATION_COMMENTS = YES;
				CLANG_WARN_EMPTY_BODY = YES;
				CLANG_WARN_ENUM_CONVERSION = YES;
				CLANG_WARN_INFINITE_RECURSION = YES;
				CLANG_WARN_INT_CONVERSION = YES;
				CLANG_WARN_NON_LITERAL_NULL_CONVERSION = YES;
				CLANG_WARN_OBJC_IMPLICIT_RETAIN_SELF = YES;
				CLANG_WARN_OBJC_LITERAL_CONVERSION = YES;
				CLANG_WARN_OBJC_ROOT_CLASS = YES_ERROR;
				CLANG_WARN_RANGE_LOOP_ANALYSIS = YES;
				CLANG_WARN_STRICT_PROTOTYPES = YES;
				CLANG_WARN_SUSPICIOUS_MOVE = YES;
				CLANG_WARN_UNGUARDED_AVAILABILITY = YES_AGGRESSIVE;
				CLANG_WARN_UNREACHABLE_CODE = YES;
				CLANG_WARN__DUPLICATE_METHOD_MATCH = YES;
				CODE_SIGN_IDENTITY = "iPhone Developer";
				COPY_PHASE_STRIP = NO;
				DEBUG_INFORMATION_FORMAT = dwarf;
				ENABLE_STRICT_OBJC_MSGSEND = YES;
				ENABLE_TESTABILITY = YES;
				GCC_C_LANGUAGE_STANDARD = gnu11;
				GCC_DYNAMIC_NO_PIC = NO;
				GCC_NO_COMMON_BLOCKS = YES;
				GCC_OPTIMIZATION_LEVEL = 0;
				GCC_PREPROCESSOR_DEFINITIONS = (
					"DEBUG=1",
					"$(inherited)",
				);
				GCC_WARN_64_TO_32_BIT_CONVERSION = YES;
				GCC_WARN_ABOUT_RETURN_TYPE = YES_ERROR;
				GCC_WARN_UNDECLARED_SELECTOR = YES;
				GCC_WARN_UNINITIALIZED_AUTOS = YES_AGGRESSIVE;
				GCC_WARN_UNUSED_FUNCTION = YES;
				GCC_WARN_UNUSED_VARIABLE = YES;
				IPHONEOS_DEPLOYMENT_TARGET = 12.1;
				MTL_ENABLE_DEBUG_INFO = INCLUDE_SOURCE;
				MTL_FAST_MATH = YES;
				ONLY_ACTIVE_ARCH = YES;
				SDKROOT = iphoneos;
			};
			name = Debug;
		};
		586E281E227164000085F95F /* Release */ = {
			isa = XCBuildConfiguration;
			buildSettings = {
				ALWAYS_SEARCH_USER_PATHS = NO;
				CLANG_ANALYZER_NONNULL = YES;
				CLANG_ANALYZER_NUMBER_OBJECT_CONVERSION = YES_AGGRESSIVE;
				CLANG_CXX_LANGUAGE_STANDARD = "gnu++14";
				CLANG_CXX_LIBRARY = "libc++";
				CLANG_ENABLE_MODULES = YES;
				CLANG_ENABLE_OBJC_ARC = YES;
				CLANG_ENABLE_OBJC_WEAK = YES;
				CLANG_WARN_BLOCK_CAPTURE_AUTORELEASING = YES;
				CLANG_WARN_BOOL_CONVERSION = YES;
				CLANG_WARN_COMMA = YES;
				CLANG_WARN_CONSTANT_CONVERSION = YES;
				CLANG_WARN_DEPRECATED_OBJC_IMPLEMENTATIONS = YES;
				CLANG_WARN_DIRECT_OBJC_ISA_USAGE = YES_ERROR;
				CLANG_WARN_DOCUMENTATION_COMMENTS = YES;
				CLANG_WARN_EMPTY_BODY = YES;
				CLANG_WARN_ENUM_CONVERSION = YES;
				CLANG_WARN_INFINITE_RECURSION = YES;
				CLANG_WARN_INT_CONVERSION = YES;
				CLANG_WARN_NON_LITERAL_NULL_CONVERSION = YES;
				CLANG_WARN_OBJC_IMPLICIT_RETAIN_SELF = YES;
				CLANG_WARN_OBJC_LITERAL_CONVERSION = YES;
				CLANG_WARN_OBJC_ROOT_CLASS = YES_ERROR;
				CLANG_WARN_RANGE_LOOP_ANALYSIS = YES;
				CLANG_WARN_STRICT_PROTOTYPES = YES;
				CLANG_WARN_SUSPICIOUS_MOVE = YES;
				CLANG_WARN_UNGUARDED_AVAILABILITY = YES_AGGRESSIVE;
				CLANG_WARN_UNREACHABLE_CODE = YES;
				CLANG_WARN__DUPLICATE_METHOD_MATCH = YES;
				CODE_SIGN_IDENTITY = "iPhone Developer";
				COPY_PHASE_STRIP = NO;
				DEBUG_INFORMATION_FORMAT = "dwarf-with-dsym";
				ENABLE_NS_ASSERTIONS = NO;
				ENABLE_STRICT_OBJC_MSGSEND = YES;
				GCC_C_LANGUAGE_STANDARD = gnu11;
				GCC_NO_COMMON_BLOCKS = YES;
				GCC_WARN_64_TO_32_BIT_CONVERSION = YES;
				GCC_WARN_ABOUT_RETURN_TYPE = YES_ERROR;
				GCC_WARN_UNDECLARED_SELECTOR = YES;
				GCC_WARN_UNINITIALIZED_AUTOS = YES_AGGRESSIVE;
				GCC_WARN_UNUSED_FUNCTION = YES;
				GCC_WARN_UNUSED_VARIABLE = YES;
				IPHONEOS_DEPLOYMENT_TARGET = 12.1;
				MTL_ENABLE_DEBUG_INFO = NO;
				MTL_FAST_MATH = YES;
				SDKROOT = iphoneos;
				VALIDATE_PRODUCT = YES;
			};
			name = Release;
		};
		586E2820227164000085F95F /* Debug */ = {
			isa = XCBuildConfiguration;
			buildSettings = {
				ASSETCATALOG_COMPILER_APPICON_NAME = AppIcon;
				CODE_SIGN_STYLE = Automatic;
				DEVELOPMENT_TEAM = WWNGW6JMXB;
				INFOPLIST_FILE = TabNavigationSimple/Info.plist;
				LD_RUNPATH_SEARCH_PATHS = (
					"$(inherited)",
					"@executable_path/Frameworks",
				);
				PRODUCT_BUNDLE_IDENTIFIER = com.ui.pvc.TabNavigationSimple;
				PRODUCT_NAME = "$(TARGET_NAME)";
				TARGETED_DEVICE_FAMILY = "1,2";
			};
			name = Debug;
		};
		586E2821227164000085F95F /* Release */ = {
			isa = XCBuildConfiguration;
			buildSettings = {
				ASSETCATALOG_COMPILER_APPICON_NAME = AppIcon;
				CODE_SIGN_STYLE = Automatic;
				DEVELOPMENT_TEAM = WWNGW6JMXB;
				INFOPLIST_FILE = TabNavigationSimple/Info.plist;
				LD_RUNPATH_SEARCH_PATHS = (
					"$(inherited)",
					"@executable_path/Frameworks",
				);
				PRODUCT_BUNDLE_IDENTIFIER = com.ui.pvc.TabNavigationSimple;
				PRODUCT_NAME = "$(TARGET_NAME)";
				TARGETED_DEVICE_FAMILY = "1,2";
			};
			name = Release;
		};
/* End XCBuildConfiguration section */

/* Begin XCConfigurationList section */
		586E2801227163FF0085F95F /* Build configuration list for PBXProject "TabNavigationSimple" */ = {
			isa = XCConfigurationList;
			buildConfigurations = (
				586E281D227164000085F95F /* Debug */,
				586E281E227164000085F95F /* Release */,
			);
			defaultConfigurationIsVisible = 0;
			defaultConfigurationName = Release;
		};
		586E281F227164000085F95F /* Build configuration list for PBXNativeTarget "TabNavigationSimple" */ = {
			isa = XCConfigurationList;
			buildConfigurations = (
				586E2820227164000085F95F /* Debug */,
				586E2821227164000085F95F /* Release */,
			);
			defaultConfigurationIsVisible = 0;
			defaultConfigurationName = Release;
		};
/* End XCConfigurationList section */
	};
	rootObject = 586E27FE227163FF0085F95F /* Project object */;
}
